# This file is @generated by PDM.
# It is not intended for manual editing.

[[package]]
name = "pyaes"
version = "1.6.1"
summary = "Pure-Python Implementation of the AES block-cipher and common modes of operation"

[[package]]
name = "pyasn1"
version = "0.4.8"
summary = "ASN.1 types and codecs"

[[package]]
name = "rsa"
version = "4.9"
requires_python = ">=3.6,<4"
summary = "Pure-Python RSA implementation"
dependencies = [
    "pyasn1>=0.1.3",
]

[[package]]
name = "ruff"
version = "0.0.237"
requires_python = ">=3.7"
summary = "An extremely fast Python linter, written in Rust."

[[package]]
name = "telethon"
version = "1.26.1"
requires_python = ">=3.5"
summary = "Full-featured Telegram client library for Python 3"
dependencies = [
    "pyaes",
    "rsa",
]

[metadata]
lock_version = "4.1"
content_hash = "sha256:da8f06fe3eb984edd0fbc431bbbc171db643a1bd38719b0cfb94015ac68fdb2e"

[metadata.files]
"pyaes 1.6.1" = [
    {url = "https://files.pythonhosted.org/packages/44/66/2c17bae31c906613795711fc78045c285048168919ace2220daa372c7d72/pyaes-1.6.1.tar.gz", hash = "sha256:02c1b1405c38d3c370b085fb952dd8bea3fadcee6411ad99f312cc129c536d8f"},
]
"pyasn1 0.4.8" = [
    {url = "https://files.pythonhosted.org/packages/62/1e/a94a8d635fa3ce4cfc7f506003548d0a2447ae76fd5ca53932970fe3053f/pyasn1-0.4.8-py2.py3-none-any.whl", hash = "sha256:39c7e2ec30515947ff4e87fb6f456dfc6e84857d34be479c9d4a4ba4bf46aa5d"},
    {url = "https://files.pythonhosted.org/packages/a4/db/fffec68299e6d7bad3d504147f9094830b704527a7fc098b721d38cc7fa7/pyasn1-0.4.8.tar.gz", hash = "sha256:aef77c9fb94a3ac588e87841208bdec464471d9871bd5050a287cc9a475cd0ba"},
]
"rsa 4.9" = [
    {url = "https://files.pythonhosted.org/packages/49/97/fa78e3d2f65c02c8e1268b9aba606569fe97f6c8f7c2d74394553347c145/rsa-4.9-py3-none-any.whl", hash = "sha256:90260d9058e514786967344d0ef75fa8727eed8a7d2e43ce9f4bcf1b536174f7"},
    {url = "https://files.pythonhosted.org/packages/aa/65/7d973b89c4d2351d7fb232c2e452547ddfa243e93131e7cfa766da627b52/rsa-4.9.tar.gz", hash = "sha256:e38464a49c6c85d7f1351b0126661487a7e0a14a50f1675ec50eb34d4f20ef21"},
]
"ruff 0.0.237" = [
    {url = "https://files.pythonhosted.org/packages/1b/aa/8a308b49a1cbc8bf817e2e23b4b3173c79606c0093dde404cc6eca91c172/ruff-0.0.237-py3-none-musllinux_1_2_armv7l.whl", hash = "sha256:fedfb60f986c26cdb1809db02866e68508db99910c587d2c4066a5c07aa85593"},
    {url = "https://files.pythonhosted.org/packages/1e/99/1e12e22b1b79e0aa15f1a25f7d93cf8729fd9a880e542cebbe971391f72e/ruff-0.0.237-py3-none-win32.whl", hash = "sha256:8d6a1d21ae15da2b1dcffeee2606e90de0e6717e72957da7d16ab6ae18dd0058"},
    {url = "https://files.pythonhosted.org/packages/2e/23/7ff000584117ae8350b7418cdd2c50ef9425a74dd0cc303fc10648b64289/ruff-0.0.237-py3-none-musllinux_1_2_x86_64.whl", hash = "sha256:ea239cfedf67b74ea4952e1074bb99a4281c2145441d70bc7e2f058d5c49f1c9"},
    {url = "https://files.pythonhosted.org/packages/2f/d1/5ec68e551c32924e1ecb89e2a9144a607c2e90c7807dc738219f53b4b925/ruff-0.0.237-py3-none-musllinux_1_2_i686.whl", hash = "sha256:bb96796be5919871fa9ae7e88968ba9e14306d9a3f217ca6c204f68a5abeccdd"},
    {url = "https://files.pythonhosted.org/packages/45/78/d822c3f6a4e4bb0e13d208e98f02379f68bfbd3fb08736afda91a4d9b526/ruff-0.0.237-py3-none-win_amd64.whl", hash = "sha256:525e5ec81cee29b993f77976026a6bf44528a14aa6edb1ef47bd8079147395ae"},
    {url = "https://files.pythonhosted.org/packages/66/72/90b3043b6a6a4c947b2ac319ea10ff015d27194aeb170138db23bf31e03b/ruff-0.0.237-py3-none-manylinux_2_17_i686.manylinux2014_i686.whl", hash = "sha256:0cc6cb7c1efcc260df5a939435649610a28f9f438b8b313384c8985ac6574f9f"},
    {url = "https://files.pythonhosted.org/packages/79/0b/0e166de17242e65f7c825989b29262a928c93787247cb8e31004cd26cc95/ruff-0.0.237-py3-none-manylinux_2_17_s390x.manylinux2014_s390x.whl", hash = "sha256:b76311335adda4de3c1d471e64e89a49abfeebf02647e3db064e7740e7f36ed6"},
    {url = "https://files.pythonhosted.org/packages/9c/2d/b1a790ecbd7a88ab666a2c9ffca12debac299e4811317c890f8e227b0145/ruff-0.0.237-py3-none-manylinux_2_17_armv7l.manylinux2014_armv7l.whl", hash = "sha256:80ce10718abbf502818c0d650ebab99fdcef5e937a1ded3884493ddff804373c"},
    {url = "https://files.pythonhosted.org/packages/9e/84/71b3e72aa6c34ef006aaf405e023c52628de757e3e1c4da27458605ed713/ruff-0.0.237-py3-none-manylinux_2_17_ppc64.manylinux2014_ppc64.whl", hash = "sha256:7eef0c7a1e45a4e30328ae101613575944cbf47a3a11494bf9827722da6c66b3"},
    {url = "https://files.pythonhosted.org/packages/a3/ca/df5b54f162a3a80d7495dfb29fa3e24720d6966f646c329f04e126729dcf/ruff-0.0.237-py3-none-manylinux_2_17_aarch64.manylinux2014_aarch64.whl", hash = "sha256:e9bcb71a3efb5fe886eb48d739cfae5df4a15617e7b5a7668aa45ebf74c0d3fa"},
    {url = "https://files.pythonhosted.org/packages/ad/11/f2ac230c6bf5a646cfb49a500040ddb4e4e5c43b00e60f4c78a8e00e044e/ruff-0.0.237-py3-none-macosx_10_9_x86_64.macosx_11_0_arm64.macosx_10_9_universal2.whl", hash = "sha256:8ed113937fab9f73f8c1a6c0350bb4fe03e951370139c6e0adb81f48a8dcf4c6"},
    {url = "https://files.pythonhosted.org/packages/b0/a2/2bea50afc6af6e35df1cdc6639348a26585d09a08014e01620550f2efeff/ruff-0.0.237-py3-none-manylinux_2_17_x86_64.manylinux2014_x86_64.whl", hash = "sha256:46c5977b643aaf2b6f84641265f835b6c7f67fcca38dbae08c4f15602e084ca0"},
    {url = "https://files.pythonhosted.org/packages/bd/28/637f38be925746d88139583a79a5f7ff0e96ed3f5721c6746a454538f5bf/ruff-0.0.237.tar.gz", hash = "sha256:630c575f543733adf6c19a11d9a02ca9ecc364bd7140af8a4c854d4728be6b56"},
    {url = "https://files.pythonhosted.org/packages/c2/69/b1fe72971eb5ef06e49cf66c6175789dce0c73187bc9abad9bdba1e5b91c/ruff-0.0.237-py3-none-macosx_10_7_x86_64.whl", hash = "sha256:2ea04d826ffca58a7ae926115a801960c757d53c9027f2ca9acbe84c9f2b2f04"},
    {url = "https://files.pythonhosted.org/packages/c6/87/4cee952e353aa326a333014348f49c75d6e01da14ba2ce0b922db4b8e52f/ruff-0.0.237-py3-none-manylinux_2_17_ppc64le.manylinux2014_ppc64le.whl", hash = "sha256:0d122433a21ce4a21fbba34b73fc3add0ccddd1643b3ff5abb8d2767952f872e"},
    {url = "https://files.pythonhosted.org/packages/e2/79/0d26c2256dc14520db305089a8db19f1e1d170664670ee094a3b444e04ec/ruff-0.0.237-py3-none-musllinux_1_2_aarch64.whl", hash = "sha256:3d6ed86d0d4d742360a262d52191581f12b669a68e59ae3b52e80d7483b3d7b3"},
]
"telethon 1.26.1" = [
    {url = "https://files.pythonhosted.org/packages/64/cd/030237a7b4dbfc8f0d4aa412f05c38097e338f5783e8537ef20b195a4182/Telethon-1.26.1-py3-none-any.whl", hash = "sha256:3ec7ea04e61e0179dd08b974b609814e1a5298eeda3d68368a34bba754f43aec"},
    {url = "https://files.pythonhosted.org/packages/be/b3/9a359aaa279f77b63a4f5611c0b43e760b2395b7b992985a47bc24d08092/Telethon-1.26.1.tar.gz", hash = "sha256:d894f6ef2bf2cb119f6413b9f620957503785bab0999694b4bf67dea36f8ee09"},
]
