# This file is @generated by PDM.
# It is not intended for manual editing.

[[package]]
name = "black"
version = "22.12.0"
requires_python = ">=3.7"
summary = "The uncompromising code formatter."
dependencies = [
    "click>=8.0.0",
    "mypy-extensions>=0.4.3",
    "pathspec>=0.9.0",
    "platformdirs>=2",
]

[[package]]
name = "click"
version = "8.1.3"
requires_python = ">=3.7"
summary = "Composable command line interface toolkit"
dependencies = [
    "colorama; platform_system == \"Windows\"",
]

[[package]]
name = "colorama"
version = "0.4.6"
requires_python = "!=3.0.*,!=3.1.*,!=3.2.*,!=3.3.*,!=3.4.*,!=3.5.*,!=3.6.*,>=2.7"
summary = "Cross-platform colored terminal text."

[[package]]
name = "mypy-extensions"
version = "0.4.3"
summary = "Experimental type system extensions for programs checked with the mypy typechecker."

[[package]]
name = "pathspec"
version = "0.11.0"
requires_python = ">=3.7"
summary = "Utility library for gitignore style pattern matching of file paths."

[[package]]
name = "platformdirs"
version = "2.6.2"
requires_python = ">=3.7"
summary = "A small Python package for determining appropriate platform-specific dirs, e.g. a \"user data dir\"."

[[package]]
name = "pyaes"
version = "1.6.1"
summary = "Pure-Python Implementation of the AES block-cipher and common modes of operation"

[[package]]
name = "pyasn1"
version = "0.4.8"
summary = "ASN.1 types and codecs"

[[package]]
name = "rsa"
version = "4.9"
requires_python = ">=3.6,<4"
summary = "Pure-Python RSA implementation"
dependencies = [
    "pyasn1>=0.1.3",
]

[[package]]
name = "ruff"
version = "0.0.237"
requires_python = ">=3.7"
summary = "An extremely fast Python linter, written in Rust."

[[package]]
name = "telethon"
version = "1.26.1"
requires_python = ">=3.5"
summary = "Full-featured Telegram client library for Python 3"
dependencies = [
    "pyaes",
    "rsa",
]

[metadata]
lock_version = "4.1"
content_hash = "sha256:0766295fe70987e35f143a1621a1f7ad546353551a394b5e6ab5ed3632ca5534"

[metadata.files]
"black 22.12.0" = [
    {url = "https://files.pythonhosted.org/packages/0c/51/1f7f93c0555eaf4cbb628e26ba026e3256174a45bd9397ff1ea7cf96bad5/black-22.12.0-py3-none-any.whl", hash = "sha256:436cc9167dd28040ad90d3b404aec22cedf24a6e4d7de221bec2730ec0c97bcf"},
    {url = "https://files.pythonhosted.org/packages/4c/49/420dcfccba3215dc4e5790fa47572ef14129df1c5e95dd87b5ad30211b01/black-22.12.0-cp311-cp311-win_amd64.whl", hash = "sha256:7412e75863aa5c5411886804678b7d083c7c28421210180d67dfd8cf1221e1f4"},
    {url = "https://files.pythonhosted.org/packages/4c/dd/cdb4e62a58e229ee757110a9dfb914a44e9d41be8becb41e085cb5df5d5b/black-22.12.0-cp38-cp38-win_amd64.whl", hash = "sha256:82d9fe8fee3401e02e79767016b4907820a7dc28d70d137eb397b92ef3cc5bfc"},
    {url = "https://files.pythonhosted.org/packages/54/44/6d5f9af3c14da013754021e28eacc873e6ecbe877b2540e37346579398c8/black-22.12.0-cp38-cp38-manylinux_2_17_x86_64.manylinux2014_x86_64.whl", hash = "sha256:77d86c9f3db9b1bf6761244bc0b3572a546f5fe37917a044e02f3166d5aafa7d"},
    {url = "https://files.pythonhosted.org/packages/71/57/975782465cc6b514f2c972421e29b933dfbb51d4a95948a4e0e94f36ea38/black-22.12.0-cp310-cp310-win_amd64.whl", hash = "sha256:159a46a4947f73387b4d83e87ea006dbb2337eab6c879620a3ba52699b1f4351"},
    {url = "https://files.pythonhosted.org/packages/79/d9/60852a6fc2f85374db20a9767dacfe50c2172eb8388f46018c8daf836995/black-22.12.0-cp310-cp310-manylinux_2_17_x86_64.manylinux2014_x86_64.whl", hash = "sha256:9eedd20838bd5d75b80c9f5487dbcb06836a43833a37846cf1d8c1cc01cef59d"},
    {url = "https://files.pythonhosted.org/packages/a6/59/e873cc6807fb62c11131e5258ca15577a3b7452abad08dc49286cf8245e8/black-22.12.0.tar.gz", hash = "sha256:229351e5a18ca30f447bf724d007f890f97e13af070bb6ad4c0a441cd7596a2f"},
    {url = "https://files.pythonhosted.org/packages/ba/32/954bcc56b2b3b4ef52a086e3c0bdbad88a38c9e739feb19dd2e6294cda42/black-22.12.0-cp39-cp39-manylinux_2_17_x86_64.manylinux2014_x86_64.whl", hash = "sha256:101c69b23df9b44247bd88e1d7e90154336ac4992502d4197bdac35dd7ee3320"},
    {url = "https://files.pythonhosted.org/packages/e9/e0/6aa02d14785c4039b38bfed6f9ee28a952b2d101c64fc97b15811fa8bd04/black-22.12.0-cp311-cp311-manylinux_2_17_x86_64.manylinux2014_x86_64.whl", hash = "sha256:d30b212bffeb1e252b31dd269dfae69dd17e06d92b87ad26e23890f3efea366f"},
    {url = "https://files.pythonhosted.org/packages/eb/91/e0ccc36f8e1a00ed3c343741ca7ffe954e33cd2be0cada039845ff9e0539/black-22.12.0-cp37-cp37m-win_amd64.whl", hash = "sha256:1f58cbe16dfe8c12b7434e50ff889fa479072096d79f0a7f25e4ab8e94cd8350"},
    {url = "https://files.pythonhosted.org/packages/f1/b7/6de002378cfe0b83beba72f0a7875dfb6005b2a214ac9f9ca689583069ef/black-22.12.0-cp37-cp37m-manylinux_2_17_x86_64.manylinux2014_x86_64.whl", hash = "sha256:c116eed0efb9ff870ded8b62fe9f28dd61ef6e9ddd28d83d7d264a38417dcee2"},
    {url = "https://files.pythonhosted.org/packages/f2/b9/06fe2dd83a2104d83c2b737f41aa5679f5a4395630005443ba4fa6fece8b/black-22.12.0-cp39-cp39-win_amd64.whl", hash = "sha256:559c7a1ba9a006226f09e4916060982fd27334ae1998e7a38b3f33a37f7a2148"},
]
"click 8.1.3" = [
    {url = "https://files.pythonhosted.org/packages/59/87/84326af34517fca8c58418d148f2403df25303e02736832403587318e9e8/click-8.1.3.tar.gz", hash = "sha256:7682dc8afb30297001674575ea00d1814d808d6a36af415a82bd481d37ba7b8e"},
    {url = "https://files.pythonhosted.org/packages/c2/f1/df59e28c642d583f7dacffb1e0965d0e00b218e0186d7858ac5233dce840/click-8.1.3-py3-none-any.whl", hash = "sha256:bb4d8133cb15a609f44e8213d9b391b0809795062913b383c62be0ee95b1db48"},
]
"colorama 0.4.6" = [
    {url = "https://files.pythonhosted.org/packages/d1/d6/3965ed04c63042e047cb6a3e6ed1a63a35087b6a609aa3a15ed8ac56c221/colorama-0.4.6-py2.py3-none-any.whl", hash = "sha256:4f1d9991f5acc0ca119f9d443620b77f9d6b33703e51011c16baf57afb285fc6"},
    {url = "https://files.pythonhosted.org/packages/d8/53/6f443c9a4a8358a93a6792e2acffb9d9d5cb0a5cfd8802644b7b1c9a02e4/colorama-0.4.6.tar.gz", hash = "sha256:08695f5cb7ed6e0531a20572697297273c47b8cae5a63ffc6d6ed5c201be6e44"},
]
"mypy-extensions 0.4.3" = [
    {url = "https://files.pythonhosted.org/packages/5c/eb/975c7c080f3223a5cdaff09612f3a5221e4ba534f7039db34c35d95fa6a5/mypy_extensions-0.4.3-py2.py3-none-any.whl", hash = "sha256:090fedd75945a69ae91ce1303b5824f428daf5a028d2f6ab8a299250a846f15d"},
    {url = "https://files.pythonhosted.org/packages/63/60/0582ce2eaced55f65a4406fc97beba256de4b7a95a0034c6576458c6519f/mypy_extensions-0.4.3.tar.gz", hash = "sha256:2d82818f5bb3e369420cb3c4060a7970edba416647068eb4c5343488a6c604a8"},
]
"pathspec 0.11.0" = [
    {url = "https://files.pythonhosted.org/packages/e6/be/1a973593d7ce7ac9d1a793b81eb265c152a62f34825169fbd7c4e4548e34/pathspec-0.11.0-py3-none-any.whl", hash = "sha256:3a66eb970cbac598f9e5ccb5b2cf58930cd8e3ed86d393d541eaf2d8b1705229"},
    {url = "https://files.pythonhosted.org/packages/f4/8e/f91cffb32740b251cff04cad1e7cdd2c710582c735a01f56307316c148f2/pathspec-0.11.0.tar.gz", hash = "sha256:64d338d4e0914e91c1792321e6907b5a593f1ab1851de7fc269557a21b30ebbc"},
]
"platformdirs 2.6.2" = [
    {url = "https://files.pythonhosted.org/packages/c1/c7/9be9d651b93efce682b45142a6267034fc4215972780748618c02e236361/platformdirs-2.6.2-py3-none-any.whl", hash = "sha256:83c8f6d04389165de7c9b6f0c682439697887bca0aa2f1c87ef1826be3584490"},
    {url = "https://files.pythonhosted.org/packages/cf/4d/198b7e6c6c2b152f4f9f4cdf975d3590e33e63f1920f2d89af7f0390e6db/platformdirs-2.6.2.tar.gz", hash = "sha256:e1fea1fe471b9ff8332e229df3cb7de4f53eeea4998d3b6bfff542115e998bd2"},
]
"pyaes 1.6.1" = [
    {url = "https://files.pythonhosted.org/packages/44/66/2c17bae31c906613795711fc78045c285048168919ace2220daa372c7d72/pyaes-1.6.1.tar.gz", hash = "sha256:02c1b1405c38d3c370b085fb952dd8bea3fadcee6411ad99f312cc129c536d8f"},
]
"pyasn1 0.4.8" = [
    {url = "https://files.pythonhosted.org/packages/62/1e/a94a8d635fa3ce4cfc7f506003548d0a2447ae76fd5ca53932970fe3053f/pyasn1-0.4.8-py2.py3-none-any.whl", hash = "sha256:39c7e2ec30515947ff4e87fb6f456dfc6e84857d34be479c9d4a4ba4bf46aa5d"},
    {url = "https://files.pythonhosted.org/packages/a4/db/fffec68299e6d7bad3d504147f9094830b704527a7fc098b721d38cc7fa7/pyasn1-0.4.8.tar.gz", hash = "sha256:aef77c9fb94a3ac588e87841208bdec464471d9871bd5050a287cc9a475cd0ba"},
]
"rsa 4.9" = [
    {url = "https://files.pythonhosted.org/packages/49/97/fa78e3d2f65c02c8e1268b9aba606569fe97f6c8f7c2d74394553347c145/rsa-4.9-py3-none-any.whl", hash = "sha256:90260d9058e514786967344d0ef75fa8727eed8a7d2e43ce9f4bcf1b536174f7"},
    {url = "https://files.pythonhosted.org/packages/aa/65/7d973b89c4d2351d7fb232c2e452547ddfa243e93131e7cfa766da627b52/rsa-4.9.tar.gz", hash = "sha256:e38464a49c6c85d7f1351b0126661487a7e0a14a50f1675ec50eb34d4f20ef21"},
]
"ruff 0.0.237" = [
    {url = "https://files.pythonhosted.org/packages/1b/aa/8a308b49a1cbc8bf817e2e23b4b3173c79606c0093dde404cc6eca91c172/ruff-0.0.237-py3-none-musllinux_1_2_armv7l.whl", hash = "sha256:fedfb60f986c26cdb1809db02866e68508db99910c587d2c4066a5c07aa85593"},
    {url = "https://files.pythonhosted.org/packages/1e/99/1e12e22b1b79e0aa15f1a25f7d93cf8729fd9a880e542cebbe971391f72e/ruff-0.0.237-py3-none-win32.whl", hash = "sha256:8d6a1d21ae15da2b1dcffeee2606e90de0e6717e72957da7d16ab6ae18dd0058"},
    {url = "https://files.pythonhosted.org/packages/2e/23/7ff000584117ae8350b7418cdd2c50ef9425a74dd0cc303fc10648b64289/ruff-0.0.237-py3-none-musllinux_1_2_x86_64.whl", hash = "sha256:ea239cfedf67b74ea4952e1074bb99a4281c2145441d70bc7e2f058d5c49f1c9"},
    {url = "https://files.pythonhosted.org/packages/2f/d1/5ec68e551c32924e1ecb89e2a9144a607c2e90c7807dc738219f53b4b925/ruff-0.0.237-py3-none-musllinux_1_2_i686.whl", hash = "sha256:bb96796be5919871fa9ae7e88968ba9e14306d9a3f217ca6c204f68a5abeccdd"},
    {url = "https://files.pythonhosted.org/packages/45/78/d822c3f6a4e4bb0e13d208e98f02379f68bfbd3fb08736afda91a4d9b526/ruff-0.0.237-py3-none-win_amd64.whl", hash = "sha256:525e5ec81cee29b993f77976026a6bf44528a14aa6edb1ef47bd8079147395ae"},
    {url = "https://files.pythonhosted.org/packages/66/72/90b3043b6a6a4c947b2ac319ea10ff015d27194aeb170138db23bf31e03b/ruff-0.0.237-py3-none-manylinux_2_17_i686.manylinux2014_i686.whl", hash = "sha256:0cc6cb7c1efcc260df5a939435649610a28f9f438b8b313384c8985ac6574f9f"},
    {url = "https://files.pythonhosted.org/packages/79/0b/0e166de17242e65f7c825989b29262a928c93787247cb8e31004cd26cc95/ruff-0.0.237-py3-none-manylinux_2_17_s390x.manylinux2014_s390x.whl", hash = "sha256:b76311335adda4de3c1d471e64e89a49abfeebf02647e3db064e7740e7f36ed6"},
    {url = "https://files.pythonhosted.org/packages/9c/2d/b1a790ecbd7a88ab666a2c9ffca12debac299e4811317c890f8e227b0145/ruff-0.0.237-py3-none-manylinux_2_17_armv7l.manylinux2014_armv7l.whl", hash = "sha256:80ce10718abbf502818c0d650ebab99fdcef5e937a1ded3884493ddff804373c"},
    {url = "https://files.pythonhosted.org/packages/9e/84/71b3e72aa6c34ef006aaf405e023c52628de757e3e1c4da27458605ed713/ruff-0.0.237-py3-none-manylinux_2_17_ppc64.manylinux2014_ppc64.whl", hash = "sha256:7eef0c7a1e45a4e30328ae101613575944cbf47a3a11494bf9827722da6c66b3"},
    {url = "https://files.pythonhosted.org/packages/a3/ca/df5b54f162a3a80d7495dfb29fa3e24720d6966f646c329f04e126729dcf/ruff-0.0.237-py3-none-manylinux_2_17_aarch64.manylinux2014_aarch64.whl", hash = "sha256:e9bcb71a3efb5fe886eb48d739cfae5df4a15617e7b5a7668aa45ebf74c0d3fa"},
    {url = "https://files.pythonhosted.org/packages/ad/11/f2ac230c6bf5a646cfb49a500040ddb4e4e5c43b00e60f4c78a8e00e044e/ruff-0.0.237-py3-none-macosx_10_9_x86_64.macosx_11_0_arm64.macosx_10_9_universal2.whl", hash = "sha256:8ed113937fab9f73f8c1a6c0350bb4fe03e951370139c6e0adb81f48a8dcf4c6"},
    {url = "https://files.pythonhosted.org/packages/b0/a2/2bea50afc6af6e35df1cdc6639348a26585d09a08014e01620550f2efeff/ruff-0.0.237-py3-none-manylinux_2_17_x86_64.manylinux2014_x86_64.whl", hash = "sha256:46c5977b643aaf2b6f84641265f835b6c7f67fcca38dbae08c4f15602e084ca0"},
    {url = "https://files.pythonhosted.org/packages/bd/28/637f38be925746d88139583a79a5f7ff0e96ed3f5721c6746a454538f5bf/ruff-0.0.237.tar.gz", hash = "sha256:630c575f543733adf6c19a11d9a02ca9ecc364bd7140af8a4c854d4728be6b56"},
    {url = "https://files.pythonhosted.org/packages/c2/69/b1fe72971eb5ef06e49cf66c6175789dce0c73187bc9abad9bdba1e5b91c/ruff-0.0.237-py3-none-macosx_10_7_x86_64.whl", hash = "sha256:2ea04d826ffca58a7ae926115a801960c757d53c9027f2ca9acbe84c9f2b2f04"},
    {url = "https://files.pythonhosted.org/packages/c6/87/4cee952e353aa326a333014348f49c75d6e01da14ba2ce0b922db4b8e52f/ruff-0.0.237-py3-none-manylinux_2_17_ppc64le.manylinux2014_ppc64le.whl", hash = "sha256:0d122433a21ce4a21fbba34b73fc3add0ccddd1643b3ff5abb8d2767952f872e"},
    {url = "https://files.pythonhosted.org/packages/e2/79/0d26c2256dc14520db305089a8db19f1e1d170664670ee094a3b444e04ec/ruff-0.0.237-py3-none-musllinux_1_2_aarch64.whl", hash = "sha256:3d6ed86d0d4d742360a262d52191581f12b669a68e59ae3b52e80d7483b3d7b3"},
]
"telethon 1.26.1" = [
    {url = "https://files.pythonhosted.org/packages/64/cd/030237a7b4dbfc8f0d4aa412f05c38097e338f5783e8537ef20b195a4182/Telethon-1.26.1-py3-none-any.whl", hash = "sha256:3ec7ea04e61e0179dd08b974b609814e1a5298eeda3d68368a34bba754f43aec"},
    {url = "https://files.pythonhosted.org/packages/be/b3/9a359aaa279f77b63a4f5611c0b43e760b2395b7b992985a47bc24d08092/Telethon-1.26.1.tar.gz", hash = "sha256:d894f6ef2bf2cb119f6413b9f620957503785bab0999694b4bf67dea36f8ee09"},
]
